PODS:
  - AsyncSwift (2.0.0)
  - Eureka (2.0.0-beta.1)
  - Firebase/Auth (3.8.0):
    - Firebase/Core
    - FirebaseAuth (= 3.0.6)
  - Firebase/Core (3.8.0):
    - FirebaseAnalytics (= 3.5.1)
    - FirebaseCore (= 3.4.4)
  - Firebase/Database (3.8.0):
    - Firebase/Core
    - FirebaseDatabase (= 3.1.0)
  - Firebase/Messaging (3.8.0):
    - Firebase/Core
    - FirebaseMessaging (= 1.2.1)
  - Firebase/Storage (3.8.0):
    - Firebase/Core
    - FirebaseStorage (= 1.0.4)
  - FirebaseAnalytics (3.5.1):
    - FirebaseCore (~> 3.4)
    - FirebaseInstanceID (~> 1.0)
    - GoogleInterchangeUtilities (~> 1.2)
    - GoogleSymbolUtilities (~> 1.1)
    - GoogleToolboxForMac/NSData+zlib (~> 2.1)
  - FirebaseAuth (3.0.6):
    - FirebaseAnalytics (~> 3.4)
    - GoogleToolboxForMac/NSDictionary+URLArguments (~> 2.1)
    - GTMSessionFetcher/Core (~> 1.1)
  - FirebaseCore (3.4.4):
    - GoogleInterchangeUtilities (~> 1.2)
    - GoogleToolboxForMac/NSData+zlib (~> 2.1)
  - FirebaseDatabase (3.1.0):
    - FirebaseAnalytics (~> 3.4)
  - FirebaseInstanceID (1.0.8)
  - FirebaseMessaging (1.2.1):
    - FirebaseAnalytics (~> 3.4)
    - FirebaseInstanceID (~> 1.0)
    - GoogleInterchangeUtilities (~> 1.2)
    - GoogleSymbolUtilities (~> 1.1)
    - GoogleToolboxForMac/Logger (~> 2.1)
  - FirebaseStorage (1.0.4):
    - FirebaseAnalytics (~> 3.4)
    - GTMSessionFetcher/Core (~> 1.1)
  - FTIndicator (1.1.5):
    - FTIndicator/FTNotificationIndicator (= 1.1.5)
    - FTIndicator/FTProgressIndicator (= 1.1.5)
    - FTIndicator/FTToastIndicator (= 1.1.5)
  - FTIndicator/FTNotificationIndicator (1.1.5)
  - FTIndicator/FTProgressIndicator (1.1.5)
  - FTIndicator/FTToastIndicator (1.1.5)
  - GoogleInterchangeUtilities (1.2.2):
    - GoogleSymbolUtilities (~> 1.1)
  - GoogleSymbolUtilities (1.1.2)
  - GoogleToolboxForMac/DebugUtils (2.1.0):
    - GoogleToolboxForMac/Defines (= 2.1.0)
  - GoogleToolboxForMac/Defines (2.1.0)
  - GoogleToolboxForMac/Logger (2.1.0):
    - GoogleToolboxForMac/Defines (= 2.1.0)
  - GoogleToolboxForMac/NSData+zlib (2.1.0):
    - GoogleToolboxForMac/Defines (= 2.1.0)
  - GoogleToolboxForMac/NSDictionary+URLArguments (2.1.0):
    - GoogleToolboxForMac/DebugUtils (= 2.1.0)
    - GoogleToolboxForMac/Defines (= 2.1.0)
    - GoogleToolboxForMac/NSString+URLArguments (= 2.1.0)
  - GoogleToolboxForMac/NSString+URLArguments (2.1.0)
  - GTMSessionFetcher/Core (1.1.7)
  - JSQMessagesViewController (7.3.4):
    - JSQSystemSoundPlayer (~> 2.0.1)
  - JSQSystemSoundPlayer (2.0.1)
  - Kingfisher (3.1.4)
  - SDCAlertView (7.1)
  - SwifterSwift (1.2.2)

DEPENDENCIES:
  - AsyncSwift (~> 2.0.0)
  - Eureka (~> 2.0.0-beta.1)
  - Firebase/Auth
  - Firebase/Core
  - Firebase/Database
  - Firebase/Messaging
  - Firebase/Storage
  - FTIndicator
  - JSQMessagesViewController
  - Kingfisher (~> 3.0)
  - SDCAlertView (~> 7.0)
  - SwifterSwift (from `https://github.com/omaralbeik/SwifterSwift.git`)

EXTERNAL SOURCES:
  SwifterSwift:
    :git: https://github.com/omaralbeik/SwifterSwift.git

CHECKOUT OPTIONS:
  SwifterSwift:
    :commit: c154fbe0c3232d1e8b574cd5750f86d7e55b97e5
    :git: https://github.com/omaralbeik/SwifterSwift.git

SPEC CHECKSUMS:
  AsyncSwift: 6ba6ed9ecb51344458063f7c86fe447ab824e313
  Eureka: d014adf16406745e1a78d5790ea37ed130a0a8e5
  Firebase: fdbecadb7b5cbef2774852d4fa659b9daf11f2af
  FirebaseAnalytics: 6e58fc9b397664369ac7617fb0ba93fab6ba7b5b
  FirebaseAuth: 96e9674ff31d6e1f826d53e26aa003a57cab0295
  FirebaseCore: d0ed25f27b6f9158eccc439f1be6f92e81207e28
  FirebaseDatabase: 3ebb2edb6007c3f0f87b248f3fa212bde56a1468
  FirebaseInstanceID: ba1e640935235e5fac39dfa816fe7660e72e1a8a
  FirebaseMessaging: acf66347e43c5637c697060c3001d25c809a4131
  FirebaseStorage: c50aa353bf484072704e73b4aff1bd47adb735c4
  FTIndicator: 8b9885b84340a19029ad13672add3bb8183feba8
  GoogleInterchangeUtilities: d5bc4d88d5b661ab72f9d70c58d02ca8c27ad1f7
  GoogleSymbolUtilities: 631ee17048aa5e9ab133470d768ea997a5ef9b96
  GoogleToolboxForMac: 2b2596cbb7186865e98cadf2b1e262d851c2b168
  GTMSessionFetcher: a1f8ed39e4fe21c68957daed472c7afbcdf29166
  JSQMessagesViewController: 39fed975e3c9f8eba7292071e29eeb541d105e66
  JSQSystemSoundPlayer: c5850e77a4363ffd374cd851154b9af93264ed8d
  Kingfisher: 6c67e3e57f2d81a9cfdfa25052cd86f33ceac9bb
  SDCAlertView: b92fd1f00e522e18a062005e15a16c1e8295c5b5
  SwifterSwift: e99bfaef472cde9192ef586d65079ab2afa6c5b3

PODFILE CHECKSUM: ccaead13c81537f9207bb229f4603d0f84982b67

COCOAPODS: 1.1.0.rc.2
