// !$*UTF8*$!
{
	archiveVersion = 1;
	classes = {
	};
	objectVersion = 46;
	objects = {

/* Begin PBXBuildFile section */
		270E8F2E1DA3C5EC0047AC20 /* FavoriteSportPickerViewController.swift in Sources */ = {isa = PBXBuildFile; fileRef = 270E8F2D1DA3C5EC0047AC20 /* FavoriteSportPickerViewController.swift */; };
		270E8F301DA3D0DD0047AC20 /* FavoriteSportPickerCollectionViewCell.swift in Sources */ = {isa = PBXBuildFile; fileRef = 270E8F2F1DA3D0DD0047AC20 /* FavoriteSportPickerCollectionViewCell.swift */; };
		2719B64C1D75749300724EF5 /* FBSDKCoreKit.framework in Frameworks */ = {isa = PBXBuildFile; fileRef = 2719B6491D75749300724EF5 /* FBSDKCoreKit.framework */; };
		2719B64D1D75749300724EF5 /* FBSDKLoginKit.framework in Frameworks */ = {isa = PBXBuildFile; fileRef = 2719B64A1D75749300724EF5 /* FBSDKLoginKit.framework */; };
		2719B64E1D75749300724EF5 /* FBSDKShareKit.framework in Frameworks */ = {isa = PBXBuildFile; fileRef = 2719B64B1D75749300724EF5 /* FBSDKShareKit.framework */; };
		273E575C1D61FE8B009DABFE /* LoginViewController.swift in Sources */ = {isa = PBXBuildFile; fileRef = 273E575B1D61FE8B009DABFE /* LoginViewController.swift */; };
		274351CD1DA517EB0001418D /* NotificationsViewController.swift in Sources */ = {isa = PBXBuildFile; fileRef = 274351CC1DA517EB0001418D /* NotificationsViewController.swift */; };
		274351CF1DA519210001418D /* NotificationTableViewCell.swift in Sources */ = {isa = PBXBuildFile; fileRef = 274351CE1DA519210001418D /* NotificationTableViewCell.swift */; };
		27473E1A1DA7E127003A049E /* SettingsTableViewController.swift in Sources */ = {isa = PBXBuildFile; fileRef = 27473E191DA7E127003A049E /* SettingsTableViewController.swift */; };
		2750C3191D90743300747B74 /* EventsCollectionViewController.swift in Sources */ = {isa = PBXBuildFile; fileRef = 2750C3181D90743300747B74 /* EventsCollectionViewController.swift */; };
		275F9B6F1D9872B400E7744B /* ProfileViewController.swift in Sources */ = {isa = PBXBuildFile; fileRef = 275F9B6E1D9872B400E7744B /* ProfileViewController.swift */; };
		275F9B711D98745E00E7744B /* ProfileFavoriteSportCollectionViewCell.swift in Sources */ = {isa = PBXBuildFile; fileRef = 275F9B701D98745E00E7744B /* ProfileFavoriteSportCollectionViewCell.swift */; };
		275F9B731D98748B00E7744B /* ProfileCommentTableViewCell.swift in Sources */ = {isa = PBXBuildFile; fileRef = 275F9B721D98748B00E7744B /* ProfileCommentTableViewCell.swift */; };
		276F4D1C1D9957F700AA90C0 /* Comment.swift in Sources */ = {isa = PBXBuildFile; fileRef = 276F4D1B1D9957F700AA90C0 /* Comment.swift */; };
		276F4D1E1D9D4B9B00AA90C0 /* CoreLocation.framework in Frameworks */ = {isa = PBXBuildFile; fileRef = 276F4D1D1D9D4B9B00AA90C0 /* CoreLocation.framework */; };
		27743FEE1D634E47004EAD97 /* User.swift in Sources */ = {isa = PBXBuildFile; fileRef = 27743FED1D634E47004EAD97 /* User.swift */; };
		27788D241D7B2173002B6554 /* EventFormViewController.swift in Sources */ = {isa = PBXBuildFile; fileRef = 27788D231D7B2173002B6554 /* EventFormViewController.swift */; };
		27788D271D7B2BE2002B6554 /* CustomCells.swift in Sources */ = {isa = PBXBuildFile; fileRef = 27788D261D7B2BE2002B6554 /* CustomCells.swift */; };
		277C1CB91D6387100008331F /* EventViewController.swift in Sources */ = {isa = PBXBuildFile; fileRef = 277C1CB81D6387100008331F /* EventViewController.swift */; };
		277C1CBD1D63B26A0008331F /* Event.swift in Sources */ = {isa = PBXBuildFile; fileRef = 277C1CBC1D63B26A0008331F /* Event.swift */; };
		277C1CC01D64A2B20008331F /* EventCollectionViewCell.swift in Sources */ = {isa = PBXBuildFile; fileRef = 277C1CBE1D64A2B20008331F /* EventCollectionViewCell.swift */; };
		277C1CC11D64A2B20008331F /* EventCollectionViewCell.xib in Resources */ = {isa = PBXBuildFile; fileRef = 277C1CBF1D64A2B20008331F /* EventCollectionViewCell.xib */; };
		2798A7671DA960FD00BE8154 /* CommentViewController.swift in Sources */ = {isa = PBXBuildFile; fileRef = 2798A7661DA960FD00BE8154 /* CommentViewController.swift */; };
		2798A7691DA974CB00BE8154 /* ReportViewController.swift in Sources */ = {isa = PBXBuildFile; fileRef = 2798A7681DA974CB00BE8154 /* ReportViewController.swift */; };
		2798A7771DA9A0EB00BE8154 /* Apache License Version 2.txt in Resources */ = {isa = PBXBuildFile; fileRef = 2798A76C1DA9A0EB00BE8154 /* Apache License Version 2.txt */; };
		2798A7781DA9A0EB00BE8154 /* OpenSans-Bold.ttf in Resources */ = {isa = PBXBuildFile; fileRef = 2798A76D1DA9A0EB00BE8154 /* OpenSans-Bold.ttf */; };
		2798A7791DA9A0EB00BE8154 /* OpenSans-BoldItalic.ttf in Resources */ = {isa = PBXBuildFile; fileRef = 2798A76E1DA9A0EB00BE8154 /* OpenSans-BoldItalic.ttf */; };
		2798A77A1DA9A0EB00BE8154 /* OpenSans-ExtraBold.ttf in Resources */ = {isa = PBXBuildFile; fileRef = 2798A76F1DA9A0EB00BE8154 /* OpenSans-ExtraBold.ttf */; };
		2798A77B1DA9A0EB00BE8154 /* OpenSans-ExtraBoldItalic.ttf in Resources */ = {isa = PBXBuildFile; fileRef = 2798A7701DA9A0EB00BE8154 /* OpenSans-ExtraBoldItalic.ttf */; };
		2798A77C1DA9A0EB00BE8154 /* OpenSans-Italic.ttf in Resources */ = {isa = PBXBuildFile; fileRef = 2798A7711DA9A0EB00BE8154 /* OpenSans-Italic.ttf */; };
		2798A77D1DA9A0EB00BE8154 /* OpenSans-Light.ttf in Resources */ = {isa = PBXBuildFile; fileRef = 2798A7721DA9A0EB00BE8154 /* OpenSans-Light.ttf */; };
		2798A77E1DA9A0EB00BE8154 /* OpenSans-LightItalic.ttf in Resources */ = {isa = PBXBuildFile; fileRef = 2798A7731DA9A0EB00BE8154 /* OpenSans-LightItalic.ttf */; };
		2798A77F1DA9A0EB00BE8154 /* OpenSans-Regular.ttf in Resources */ = {isa = PBXBuildFile; fileRef = 2798A7741DA9A0EB00BE8154 /* OpenSans-Regular.ttf */; };
		2798A7801DA9A0EB00BE8154 /* OpenSans-Semibold.ttf in Resources */ = {isa = PBXBuildFile; fileRef = 2798A7751DA9A0EB00BE8154 /* OpenSans-Semibold.ttf */; };
		2798A7811DA9A0EB00BE8154 /* OpenSans-SemiboldItalic.ttf in Resources */ = {isa = PBXBuildFile; fileRef = 2798A7761DA9A0EB00BE8154 /* OpenSans-SemiboldItalic.ttf */; };
		2798A7831DA9C95800BE8154 /* BioViewController.swift in Sources */ = {isa = PBXBuildFile; fileRef = 2798A7821DA9C95800BE8154 /* BioViewController.swift */; };
		279D900B1D72571D00F73F23 /* MapKit.framework in Frameworks */ = {isa = PBXBuildFile; fileRef = 279D900A1D72571D00F73F23 /* MapKit.framework */; };
		279FBC451D7EFA0C00B0AFAE /* TabBarController.swift in Sources */ = {isa = PBXBuildFile; fileRef = 279FBC441D7EFA0C00B0AFAE /* TabBarController.swift */; };
		27B977161DA23EFA00245D8C /* ScrollPager.swift in Sources */ = {isa = PBXBuildFile; fileRef = 27B977151DA23EFA00245D8C /* ScrollPager.swift */; };
		27BFF2E61D778D3E002040D3 /* RequestsViewController.swift in Sources */ = {isa = PBXBuildFile; fileRef = 27BFF2E51D778D3E002040D3 /* RequestsViewController.swift */; };
		27BFF2E91D778D82002040D3 /* RequestsTableViewCell.swift in Sources */ = {isa = PBXBuildFile; fileRef = 27BFF2E81D778D82002040D3 /* RequestsTableViewCell.swift */; };
		27BFF2ED1D77A4A3002040D3 /* Helper.swift in Sources */ = {isa = PBXBuildFile; fileRef = 27BFF2EC1D77A4A3002040D3 /* Helper.swift */; };
		27C850A11D9120C9007168A6 /* ParticipantsCollectionViewCell.swift in Sources */ = {isa = PBXBuildFile; fileRef = 27C850A01D9120C9007168A6 /* ParticipantsCollectionViewCell.swift */; };
		27CB270D1D5D3CDD00F9ECF5 /* AppDelegate.swift in Sources */ = {isa = PBXBuildFile; fileRef = 27CB270C1D5D3CDD00F9ECF5 /* AppDelegate.swift */; };
		27CB27121D5D3CDD00F9ECF5 /* Main.storyboard in Resources */ = {isa = PBXBuildFile; fileRef = 27CB27101D5D3CDD00F9ECF5 /* Main.storyboard */; };
		27CB27141D5D3CDD00F9ECF5 /* Assets.xcassets in Resources */ = {isa = PBXBuildFile; fileRef = 27CB27131D5D3CDD00F9ECF5 /* Assets.xcassets */; };
		27CB27171D5D3CDD00F9ECF5 /* LaunchScreen.storyboard in Resources */ = {isa = PBXBuildFile; fileRef = 27CB27151D5D3CDD00F9ECF5 /* LaunchScreen.storyboard */; };
		27CC6DE51DA94BCB00E1061E /* GoogleService-Info.plist in Resources */ = {isa = PBXBuildFile; fileRef = 27CC6DE41DA94BCB00E1061E /* GoogleService-Info.plist */; };
		27CC6DE91DA94F8600E1061E /* PrivacyPolicy.swift in Sources */ = {isa = PBXBuildFile; fileRef = 27CC6DE81DA94F8600E1061E /* PrivacyPolicy.swift */; };
		27EDE99B1D75ACD200C90FC9 /* FavoriteSportCollectionViewCell.xib in Resources */ = {isa = PBXBuildFile; fileRef = 27EDE99A1D75ACD200C90FC9 /* FavoriteSportCollectionViewCell.xib */; };
		27EDE9A31D75DD7D00C90FC9 /* EventDetailViewController.swift in Sources */ = {isa = PBXBuildFile; fileRef = 27EDE9A21D75DD7D00C90FC9 /* EventDetailViewController.swift */; };
		8114B4CE1D7ED2A900CE0FF8 /* UsersVC.swift in Sources */ = {isa = PBXBuildFile; fileRef = 8114B4CD1D7ED2A900CE0FF8 /* UsersVC.swift */; };
		8114B4D11D7ED2CB00CE0FF8 /* UserCell.swift in Sources */ = {isa = PBXBuildFile; fileRef = 8114B4CF1D7ED2CB00CE0FF8 /* UserCell.swift */; };
		8114B4D21D7ED2CB00CE0FF8 /* UserCell.xib in Resources */ = {isa = PBXBuildFile; fileRef = 8114B4D01D7ED2CB00CE0FF8 /* UserCell.xib */; };
		816948FC1D75A27A00E7F5CD /* ChatVC.swift in Sources */ = {isa = PBXBuildFile; fileRef = 816948FB1D75A27A00E7F5CD /* ChatVC.swift */; };
		816948FE1D75ADF800E7F5CD /* ChannelCell.swift in Sources */ = {isa = PBXBuildFile; fileRef = 816948FD1D75ADF800E7F5CD /* ChannelCell.swift */; };
		816948FF1D75AFBF00E7F5CD /* ChannelsVC.swift in Sources */ = {isa = PBXBuildFile; fileRef = 816948F91D75A26000E7F5CD /* ChannelsVC.swift */; };
		81E8DCF41D75B88300234743 /* FavoriteSportCollectionViewCell.swift in Sources */ = {isa = PBXBuildFile; fileRef = 27EDE9981D759F4300C90FC9 /* FavoriteSportCollectionViewCell.swift */; };
		81E8DCF61D75BB4400234743 /* Constants.swift in Sources */ = {isa = PBXBuildFile; fileRef = 81E8DCF51D75BB4400234743 /* Constants.swift */; };
		81E8DCF81D75BD8400234743 /* Channel.swift in Sources */ = {isa = PBXBuildFile; fileRef = 81E8DCF71D75BD8400234743 /* Channel.swift */; };
		9479C21AFCF6B88A59A4EBB0 /* Pods_BeeSportive.framework in Frameworks */ = {isa = PBXBuildFile; fileRef = 7241945FBE26C1B84697DC2F /* Pods_BeeSportive.framework */; };
/* End PBXBuildFile section */

/* Begin PBXFileReference section */
		270E8F2D1DA3C5EC0047AC20 /* FavoriteSportPickerViewController.swift */ = {isa = PBXFileReference; fileEncoding = 4; lastKnownFileType = sourcecode.swift; path = FavoriteSportPickerViewController.swift; sourceTree = "<group>"; };
		270E8F2F1DA3D0DD0047AC20 /* FavoriteSportPickerCollectionViewCell.swift */ = {isa = PBXFileReference; fileEncoding = 4; lastKnownFileType = sourcecode.swift; path = FavoriteSportPickerCollectionViewCell.swift; sourceTree = "<group>"; };
		2719B6491D75749300724EF5 /* FBSDKCoreKit.framework */ = {isa = PBXFileReference; lastKnownFileType = wrapper.framework; name = FBSDKCoreKit.framework; path = ../Documents/FacebookSDK/FBSDKCoreKit.framework; sourceTree = "<group>"; };
		2719B64A1D75749300724EF5 /* FBSDKLoginKit.framework */ = {isa = PBXFileReference; lastKnownFileType = wrapper.framework; name = FBSDKLoginKit.framework; path = ../Documents/FacebookSDK/FBSDKLoginKit.framework; sourceTree = "<group>"; };
		2719B64B1D75749300724EF5 /* FBSDKShareKit.framework */ = {isa = PBXFileReference; lastKnownFileType = wrapper.framework; name = FBSDKShareKit.framework; path = ../Documents/FacebookSDK/FBSDKShareKit.framework; sourceTree = "<group>"; };
		2737B8911D9DB32500A36795 /* BeeSportive.entitlements */ = {isa = PBXFileReference; lastKnownFileType = text.plist.entitlements; path = BeeSportive.entitlements; sourceTree = "<group>"; };
		273E575B1D61FE8B009DABFE /* LoginViewController.swift */ = {isa = PBXFileReference; fileEncoding = 4; lastKnownFileType = sourcecode.swift; path = LoginViewController.swift; sourceTree = "<group>"; };
		273E57631D62032B009DABFE /* Bridging-Header.h */ = {isa = PBXFileReference; fileEncoding = 4; lastKnownFileType = sourcecode.c.h; path = "Bridging-Header.h"; sourceTree = "<group>"; };
		274351CC1DA517EB0001418D /* NotificationsViewController.swift */ = {isa = PBXFileReference; fileEncoding = 4; lastKnownFileType = sourcecode.swift; path = NotificationsViewController.swift; sourceTree = "<group>"; };
		274351CE1DA519210001418D /* NotificationTableViewCell.swift */ = {isa = PBXFileReference; fileEncoding = 4; lastKnownFileType = sourcecode.swift; path = NotificationTableViewCell.swift; sourceTree = "<group>"; };
		27473E191DA7E127003A049E /* SettingsTableViewController.swift */ = {isa = PBXFileReference; fileEncoding = 4; lastKnownFileType = sourcecode.swift; path = SettingsTableViewController.swift; sourceTree = "<group>"; };
		2750C3181D90743300747B74 /* EventsCollectionViewController.swift */ = {isa = PBXFileReference; fileEncoding = 4; lastKnownFileType = sourcecode.swift; path = EventsCollectionViewController.swift; sourceTree = "<group>"; };
		275F9B6E1D9872B400E7744B /* ProfileViewController.swift */ = {isa = PBXFileReference; fileEncoding = 4; lastKnownFileType = sourcecode.swift; path = ProfileViewController.swift; sourceTree = "<group>"; };
		275F9B701D98745E00E7744B /* ProfileFavoriteSportCollectionViewCell.swift */ = {isa = PBXFileReference; fileEncoding = 4; lastKnownFileType = sourcecode.swift; path = ProfileFavoriteSportCollectionViewCell.swift; sourceTree = "<group>"; };
		275F9B721D98748B00E7744B /* ProfileCommentTableViewCell.swift */ = {isa = PBXFileReference; fileEncoding = 4; lastKnownFileType = sourcecode.swift; path = ProfileCommentTableViewCell.swift; sourceTree = "<group>"; };
		276F4D1B1D9957F700AA90C0 /* Comment.swift */ = {isa = PBXFileReference; fileEncoding = 4; lastKnownFileType = sourcecode.swift; path = Comment.swift; sourceTree = "<group>"; };
		276F4D1D1D9D4B9B00AA90C0 /* CoreLocation.framework */ = {isa = PBXFileReference; lastKnownFileType = wrapper.framework; name = CoreLocation.framework; path = System/Library/Frameworks/CoreLocation.framework; sourceTree = SDKROOT; };
		27743FED1D634E47004EAD97 /* User.swift */ = {isa = PBXFileReference; fileEncoding = 4; lastKnownFileType = sourcecode.swift; path = User.swift; sourceTree = "<group>"; };
		27788D231D7B2173002B6554 /* EventFormViewController.swift */ = {isa = PBXFileReference; fileEncoding = 4; lastKnownFileType = sourcecode.swift; path = EventFormViewController.swift; sourceTree = "<group>"; };
		27788D261D7B2BE2002B6554 /* CustomCells.swift */ = {isa = PBXFileReference; fileEncoding = 4; lastKnownFileType = sourcecode.swift; path = CustomCells.swift; sourceTree = "<group>"; };
		277C1CB81D6387100008331F /* EventViewController.swift */ = {isa = PBXFileReference; fileEncoding = 4; lastKnownFileType = sourcecode.swift; path = EventViewController.swift; sourceTree = "<group>"; };
		277C1CBC1D63B26A0008331F /* Event.swift */ = {isa = PBXFileReference; fileEncoding = 4; lastKnownFileType = sourcecode.swift; path = Event.swift; sourceTree = "<group>"; };
		277C1CBE1D64A2B20008331F /* EventCollectionViewCell.swift */ = {isa = PBXFileReference; fileEncoding = 4; lastKnownFileType = sourcecode.swift; path = EventCollectionViewCell.swift; sourceTree = "<group>"; };
		277C1CBF1D64A2B20008331F /* EventCollectionViewCell.xib */ = {isa = PBXFileReference; fileEncoding = 4; lastKnownFileType = file.xib; path = EventCollectionViewCell.xib; sourceTree = "<group>"; };
		2798A7661DA960FD00BE8154 /* CommentViewController.swift */ = {isa = PBXFileReference; fileEncoding = 4; lastKnownFileType = sourcecode.swift; path = CommentViewController.swift; sourceTree = "<group>"; };
		2798A7681DA974CB00BE8154 /* ReportViewController.swift */ = {isa = PBXFileReference; fileEncoding = 4; lastKnownFileType = sourcecode.swift; path = ReportViewController.swift; sourceTree = "<group>"; };
		2798A76C1DA9A0EB00BE8154 /* Apache License Version 2.txt */ = {isa = PBXFileReference; fileEncoding = 4; lastKnownFileType = text; path = "Apache License Version 2.txt"; sourceTree = "<group>"; };
		2798A76D1DA9A0EB00BE8154 /* OpenSans-Bold.ttf */ = {isa = PBXFileReference; lastKnownFileType = file; path = "OpenSans-Bold.ttf"; sourceTree = "<group>"; };
		2798A76E1DA9A0EB00BE8154 /* OpenSans-BoldItalic.ttf */ = {isa = PBXFileReference; lastKnownFileType = file; path = "OpenSans-BoldItalic.ttf"; sourceTree = "<group>"; };
		2798A76F1DA9A0EB00BE8154 /* OpenSans-ExtraBold.ttf */ = {isa = PBXFileReference; lastKnownFileType = file; path = "OpenSans-ExtraBold.ttf"; sourceTree = "<group>"; };
		2798A7701DA9A0EB00BE8154 /* OpenSans-ExtraBoldItalic.ttf */ = {isa = PBXFileReference; lastKnownFileType = file; path = "OpenSans-ExtraBoldItalic.ttf"; sourceTree = "<group>"; };
		2798A7711DA9A0EB00BE8154 /* OpenSans-Italic.ttf */ = {isa = PBXFileReference; lastKnownFileType = file; path = "OpenSans-Italic.ttf"; sourceTree = "<group>"; };
		2798A7721DA9A0EB00BE8154 /* OpenSans-Light.ttf */ = {isa = PBXFileReference; lastKnownFileType = file; path = "OpenSans-Light.ttf"; sourceTree = "<group>"; };
		2798A7731DA9A0EB00BE8154 /* OpenSans-LightItalic.ttf */ = {isa = PBXFileReference; lastKnownFileType = file; path = "OpenSans-LightItalic.ttf"; sourceTree = "<group>"; };
		2798A7741DA9A0EB00BE8154 /* OpenSans-Regular.ttf */ = {isa = PBXFileReference; lastKnownFileType = file; path = "OpenSans-Regular.ttf"; sourceTree = "<group>"; };
		2798A7751DA9A0EB00BE8154 /* OpenSans-Semibold.ttf */ = {isa = PBXFileReference; lastKnownFileType = file; path = "OpenSans-Semibold.ttf"; sourceTree = "<group>"; };
		2798A7761DA9A0EB00BE8154 /* OpenSans-SemiboldItalic.ttf */ = {isa = PBXFileReference; lastKnownFileType = file; path = "OpenSans-SemiboldItalic.ttf"; sourceTree = "<group>"; };
		2798A7821DA9C95800BE8154 /* BioViewController.swift */ = {isa = PBXFileReference; fileEncoding = 4; lastKnownFileType = sourcecode.swift; path = BioViewController.swift; sourceTree = "<group>"; };
		279D900A1D72571D00F73F23 /* MapKit.framework */ = {isa = PBXFileReference; lastKnownFileType = wrapper.framework; name = MapKit.framework; path = System/Library/Frameworks/MapKit.framework; sourceTree = SDKROOT; };
		279FBC441D7EFA0C00B0AFAE /* TabBarController.swift */ = {isa = PBXFileReference; fileEncoding = 4; lastKnownFileType = sourcecode.swift; path = TabBarController.swift; sourceTree = "<group>"; };
		27B977151DA23EFA00245D8C /* ScrollPager.swift */ = {isa = PBXFileReference; fileEncoding = 4; lastKnownFileType = sourcecode.swift; path = ScrollPager.swift; sourceTree = "<group>"; };
		27BFF2E51D778D3E002040D3 /* RequestsViewController.swift */ = {isa = PBXFileReference; fileEncoding = 4; lastKnownFileType = sourcecode.swift; path = RequestsViewController.swift; sourceTree = "<group>"; };
		27BFF2E81D778D82002040D3 /* RequestsTableViewCell.swift */ = {isa = PBXFileReference; fileEncoding = 4; lastKnownFileType = sourcecode.swift; path = RequestsTableViewCell.swift; sourceTree = "<group>"; };
		27BFF2EC1D77A4A3002040D3 /* Helper.swift */ = {isa = PBXFileReference; fileEncoding = 4; lastKnownFileType = sourcecode.swift; path = Helper.swift; sourceTree = "<group>"; };
		27C850A01D9120C9007168A6 /* ParticipantsCollectionViewCell.swift */ = {isa = PBXFileReference; fileEncoding = 4; lastKnownFileType = sourcecode.swift; path = ParticipantsCollectionViewCell.swift; sourceTree = "<group>"; };
		27CB27091D5D3CDD00F9ECF5 /* BeeSportive.app */ = {isa = PBXFileReference; explicitFileType = wrapper.application; includeInIndex = 0; path = BeeSportive.app; sourceTree = BUILT_PRODUCTS_DIR; };
		27CB270C1D5D3CDD00F9ECF5 /* AppDelegate.swift */ = {isa = PBXFileReference; lastKnownFileType = sourcecode.swift; path = AppDelegate.swift; sourceTree = "<group>"; };
		27CB27111D5D3CDD00F9ECF5 /* Base */ = {isa = PBXFileReference; lastKnownFileType = file.storyboard; name = Base; path = Base.lproj/Main.storyboard; sourceTree = "<group>"; };
		27CB27131D5D3CDD00F9ECF5 /* Assets.xcassets */ = {isa = PBXFileReference; lastKnownFileType = folder.assetcatalog; path = Assets.xcassets; sourceTree = "<group>"; };
		27CB27161D5D3CDD00F9ECF5 /* Base */ = {isa = PBXFileReference; lastKnownFileType = file.storyboard; name = Base; path = Base.lproj/LaunchScreen.storyboard; sourceTree = "<group>"; };
		27CB27181D5D3CDD00F9ECF5 /* Info.plist */ = {isa = PBXFileReference; lastKnownFileType = text.plist.xml; path = Info.plist; sourceTree = "<group>"; };
		27CC6DE41DA94BCB00E1061E /* GoogleService-Info.plist */ = {isa = PBXFileReference; fileEncoding = 4; lastKnownFileType = text.plist.xml; path = "GoogleService-Info.plist"; sourceTree = "<group>"; };
		27CC6DE81DA94F8600E1061E /* PrivacyPolicy.swift */ = {isa = PBXFileReference; fileEncoding = 4; lastKnownFileType = sourcecode.swift; path = PrivacyPolicy.swift; sourceTree = "<group>"; };
		27EDE9981D759F4300C90FC9 /* FavoriteSportCollectionViewCell.swift */ = {isa = PBXFileReference; fileEncoding = 4; lastKnownFileType = sourcecode.swift; path = FavoriteSportCollectionViewCell.swift; sourceTree = "<group>"; };
		27EDE99A1D75ACD200C90FC9 /* FavoriteSportCollectionViewCell.xib */ = {isa = PBXFileReference; fileEncoding = 4; lastKnownFileType = file.xib; path = FavoriteSportCollectionViewCell.xib; sourceTree = "<group>"; };
		27EDE9A21D75DD7D00C90FC9 /* EventDetailViewController.swift */ = {isa = PBXFileReference; fileEncoding = 4; lastKnownFileType = sourcecode.swift; path = EventDetailViewController.swift; sourceTree = "<group>"; };
		7241945FBE26C1B84697DC2F /* Pods_BeeSportive.framework */ = {isa = PBXFileReference; explicitFileType = wrapper.framework; includeInIndex = 0; path = Pods_BeeSportive.framework; sourceTree = BUILT_PRODUCTS_DIR; };
		8114B4CD1D7ED2A900CE0FF8 /* UsersVC.swift */ = {isa = PBXFileReference; fileEncoding = 4; lastKnownFileType = sourcecode.swift; path = UsersVC.swift; sourceTree = "<group>"; };
		8114B4CF1D7ED2CB00CE0FF8 /* UserCell.swift */ = {isa = PBXFileReference; fileEncoding = 4; lastKnownFileType = sourcecode.swift; path = UserCell.swift; sourceTree = "<group>"; };
		8114B4D01D7ED2CB00CE0FF8 /* UserCell.xib */ = {isa = PBXFileReference; fileEncoding = 4; lastKnownFileType = file.xib; path = UserCell.xib; sourceTree = "<group>"; };
		816948F91D75A26000E7F5CD /* ChannelsVC.swift */ = {isa = PBXFileReference; fileEncoding = 4; lastKnownFileType = sourcecode.swift; path = ChannelsVC.swift; sourceTree = "<group>"; };
		816948FB1D75A27A00E7F5CD /* ChatVC.swift */ = {isa = PBXFileReference; fileEncoding = 4; lastKnownFileType = sourcecode.swift; path = ChatVC.swift; sourceTree = "<group>"; };
		816948FD1D75ADF800E7F5CD /* ChannelCell.swift */ = {isa = PBXFileReference; fileEncoding = 4; lastKnownFileType = sourcecode.swift; path = ChannelCell.swift; sourceTree = "<group>"; };
		81E8DCF51D75BB4400234743 /* Constants.swift */ = {isa = PBXFileReference; fileEncoding = 4; lastKnownFileType = sourcecode.swift; path = Constants.swift; sourceTree = "<group>"; };
		81E8DCF71D75BD8400234743 /* Channel.swift */ = {isa = PBXFileReference; fileEncoding = 4; lastKnownFileType = sourcecode.swift; path = Channel.swift; sourceTree = "<group>"; };
		96DC1E17FA063DC29D2BCC46 /* Pods-BeeSportive.debug.xcconfig */ = {isa = PBXFileReference; includeInIndex = 1; lastKnownFileType = text.xcconfig; name = "Pods-BeeSportive.debug.xcconfig"; path = "Pods/Target Support Files/Pods-BeeSportive/Pods-BeeSportive.debug.xcconfig"; sourceTree = "<group>"; };
		E2627E3253BB17FBA968F1C3 /* Pods-BeeSportive.release.xcconfig */ = {isa = PBXFileReference; includeInIndex = 1; lastKnownFileType = text.xcconfig; name = "Pods-BeeSportive.release.xcconfig"; path = "Pods/Target Support Files/Pods-BeeSportive/Pods-BeeSportive.release.xcconfig"; sourceTree = "<group>"; };
/* End PBXFileReference section */

/* Begin PBXFrameworksBuildPhase section */
		27CB27061D5D3CDD00F9ECF5 /* Frameworks */ = {
			isa = PBXFrameworksBuildPhase;
			buildActionMask = 2147483647;
			files = (
				276F4D1E1D9D4B9B00AA90C0 /* CoreLocation.framework in Frameworks */,
				9479C21AFCF6B88A59A4EBB0 /* Pods_BeeSportive.framework in Frameworks */,
				2719B64C1D75749300724EF5 /* FBSDKCoreKit.framework in Frameworks */,
				2719B64E1D75749300724EF5 /* FBSDKShareKit.framework in Frameworks */,
				2719B64D1D75749300724EF5 /* FBSDKLoginKit.framework in Frameworks */,
				279D900B1D72571D00F73F23 /* MapKit.framework in Frameworks */,
			);
			runOnlyForDeploymentPostprocessing = 0;
		};
/* End PBXFrameworksBuildPhase section */

/* Begin PBXGroup section */
		27743FE91D634DFC004EAD97 /* Models */ = {
			isa = PBXGroup;
			children = (
				27743FED1D634E47004EAD97 /* User.swift */,
				81E8DCF71D75BD8400234743 /* Channel.swift */,
				277C1CBC1D63B26A0008331F /* Event.swift */,
				276F4D1B1D9957F700AA90C0 /* Comment.swift */,
			);
			name = Models;
			sourceTree = "<group>";
		};
		2798A76B1DA9A0D900BE8154 /* Open sans */ = {
			isa = PBXGroup;
			children = (
				2798A76C1DA9A0EB00BE8154 /* Apache License Version 2.txt */,
				2798A76D1DA9A0EB00BE8154 /* OpenSans-Bold.ttf */,
				2798A76E1DA9A0EB00BE8154 /* OpenSans-BoldItalic.ttf */,
				2798A76F1DA9A0EB00BE8154 /* OpenSans-ExtraBold.ttf */,
				2798A7701DA9A0EB00BE8154 /* OpenSans-ExtraBoldItalic.ttf */,
				2798A7711DA9A0EB00BE8154 /* OpenSans-Italic.ttf */,
				2798A7721DA9A0EB00BE8154 /* OpenSans-Light.ttf */,
				2798A7731DA9A0EB00BE8154 /* OpenSans-LightItalic.ttf */,
				2798A7741DA9A0EB00BE8154 /* OpenSans-Regular.ttf */,
				2798A7751DA9A0EB00BE8154 /* OpenSans-Semibold.ttf */,
				2798A7761DA9A0EB00BE8154 /* OpenSans-SemiboldItalic.ttf */,
			);
			name = "Open sans";
			sourceTree = "<group>";
		};
		279FBC431D7EF9F900B0AFAE /* Tab Bar */ = {
			isa = PBXGroup;
			children = (
				279FBC441D7EFA0C00B0AFAE /* TabBarController.swift */,
			);
			name = "Tab Bar";
			sourceTree = "<group>";
		};
		27B977191DA272F500245D8C /* Resources */ = {
			isa = PBXGroup;
			children = (
				27CB27131D5D3CDD00F9ECF5 /* Assets.xcassets */,
				2737B8911D9DB32500A36795 /* BeeSportive.entitlements */,
				27CB27181D5D3CDD00F9ECF5 /* Info.plist */,
				27C024371DA2BE69000885A3 /* Fonts */,
			);
			name = Resources;
			path = BeeSportive;
			sourceTree = "<group>";
		};
		27C024371DA2BE69000885A3 /* Fonts */ = {
			isa = PBXGroup;
			children = (
				2798A76B1DA9A0D900BE8154 /* Open sans */,
			);
			name = Fonts;
			sourceTree = "<group>";
		};
		27CB27001D5D3CDD00F9ECF5 = {
			isa = PBXGroup;
			children = (
				27CB270B1D5D3CDD00F9ECF5 /* BeeSportive */,
				27B977191DA272F500245D8C /* Resources */,
				27CB270A1D5D3CDD00F9ECF5 /* Products */,
				DB02669BAE7114B9DEC23D01 /* Pods */,
				D88B80E2702491BEC5AB6B21 /* Frameworks */,
			);
			sourceTree = "<group>";
		};
		27CB270A1D5D3CDD00F9ECF5 /* Products */ = {
			isa = PBXGroup;
			children = (
				27CB27091D5D3CDD00F9ECF5 /* BeeSportive.app */,
			);
			name = Products;
			sourceTree = "<group>";
		};
		27CB270B1D5D3CDD00F9ECF5 /* BeeSportive */ = {
			isa = PBXGroup;
			children = (
				27E45F4D1DA57E4B00409852 /* Helper */,
				27E45F4C1DA57E0A00409852 /* Xibs */,
				27E45F4B1DA57D7300409852 /* Table View Cells */,
				27E45F4A1DA57D6700409852 /* Collection View Cells */,
				27E45F491DA57D5D00409852 /* View Controllers */,
				279FBC431D7EF9F900B0AFAE /* Tab Bar */,
				27CB270C1D5D3CDD00F9ECF5 /* AppDelegate.swift */,
				27CB27101D5D3CDD00F9ECF5 /* Main.storyboard */,
				27CB27151D5D3CDD00F9ECF5 /* LaunchScreen.storyboard */,
				273E57631D62032B009DABFE /* Bridging-Header.h */,
			);
			path = BeeSportive;
			sourceTree = "<group>";
		};
		27E45F491DA57D5D00409852 /* View Controllers */ = {
			isa = PBXGroup;
			children = (
				275F9B6E1D9872B400E7744B /* ProfileViewController.swift */,
				274351CC1DA517EB0001418D /* NotificationsViewController.swift */,
				270E8F2D1DA3C5EC0047AC20 /* FavoriteSportPickerViewController.swift */,
				27BFF2E51D778D3E002040D3 /* RequestsViewController.swift */,
				277C1CB81D6387100008331F /* EventViewController.swift */,
				27CC6DE41DA94BCB00E1061E /* GoogleService-Info.plist */,
				2750C3181D90743300747B74 /* EventsCollectionViewController.swift */,
				27788D231D7B2173002B6554 /* EventFormViewController.swift */,
				8114B4CD1D7ED2A900CE0FF8 /* UsersVC.swift */,
				816948F91D75A26000E7F5CD /* ChannelsVC.swift */,
				816948FB1D75A27A00E7F5CD /* ChatVC.swift */,
				27EDE9A21D75DD7D00C90FC9 /* EventDetailViewController.swift */,
				273E575B1D61FE8B009DABFE /* LoginViewController.swift */,
				27473E191DA7E127003A049E /* SettingsTableViewController.swift */,
				2798A7661DA960FD00BE8154 /* CommentViewController.swift */,
				2798A7681DA974CB00BE8154 /* ReportViewController.swift */,
				2798A7821DA9C95800BE8154 /* BioViewController.swift */,
			);
			name = "View Controllers";
			sourceTree = "<group>";
		};
		27E45F4A1DA57D6700409852 /* Collection View Cells */ = {
			isa = PBXGroup;
			children = (
				8114B4CF1D7ED2CB00CE0FF8 /* UserCell.swift */,
				277C1CBE1D64A2B20008331F /* EventCollectionViewCell.swift */,
				27EDE9981D759F4300C90FC9 /* FavoriteSportCollectionViewCell.swift */,
				27C850A01D9120C9007168A6 /* ParticipantsCollectionViewCell.swift */,
				270E8F2F1DA3D0DD0047AC20 /* FavoriteSportPickerCollectionViewCell.swift */,
				275F9B701D98745E00E7744B /* ProfileFavoriteSportCollectionViewCell.swift */,
			);
			name = "Collection View Cells";
			sourceTree = "<group>";
		};
		27E45F4B1DA57D7300409852 /* Table View Cells */ = {
			isa = PBXGroup;
			children = (
				816948FD1D75ADF800E7F5CD /* ChannelCell.swift */,
				27BFF2E81D778D82002040D3 /* RequestsTableViewCell.swift */,
				275F9B721D98748B00E7744B /* ProfileCommentTableViewCell.swift */,
				274351CE1DA519210001418D /* NotificationTableViewCell.swift */,
			);
			name = "Table View Cells";
			sourceTree = "<group>";
		};
		27E45F4C1DA57E0A00409852 /* Xibs */ = {
			isa = PBXGroup;
			children = (
				277C1CBF1D64A2B20008331F /* EventCollectionViewCell.xib */,
				27EDE99A1D75ACD200C90FC9 /* FavoriteSportCollectionViewCell.xib */,
				8114B4D01D7ED2CB00CE0FF8 /* UserCell.xib */,
			);
			name = Xibs;
			sourceTree = "<group>";
		};
		27E45F4D1DA57E4B00409852 /* Helper */ = {
			isa = PBXGroup;
			children = (
				27788D261D7B2BE2002B6554 /* CustomCells.swift */,
				27B977151DA23EFA00245D8C /* ScrollPager.swift */,
				81E8DCF51D75BB4400234743 /* Constants.swift */,
				27BFF2EC1D77A4A3002040D3 /* Helper.swift */,
				27CC6DE81DA94F8600E1061E /* PrivacyPolicy.swift */,
				27743FE91D634DFC004EAD97 /* Models */,
			);
			name = Helper;
			sourceTree = "<group>";
		};
		D88B80E2702491BEC5AB6B21 /* Frameworks */ = {
			isa = PBXGroup;
			children = (
				276F4D1D1D9D4B9B00AA90C0 /* CoreLocation.framework */,
				2719B6491D75749300724EF5 /* FBSDKCoreKit.framework */,
				2719B64A1D75749300724EF5 /* FBSDKLoginKit.framework */,
				2719B64B1D75749300724EF5 /* FBSDKShareKit.framework */,
				279D900A1D72571D00F73F23 /* MapKit.framework */,
				7241945FBE26C1B84697DC2F /* Pods_BeeSportive.framework */,
			);
			name = Frameworks;
			sourceTree = "<group>";
		};
		DB02669BAE7114B9DEC23D01 /* Pods */ = {
			isa = PBXGroup;
			children = (
				96DC1E17FA063DC29D2BCC46 /* Pods-BeeSportive.debug.xcconfig */,
				E2627E3253BB17FBA968F1C3 /* Pods-BeeSportive.release.xcconfig */,
			);
			name = Pods;
			sourceTree = "<group>";
		};
/* End PBXGroup section */

/* Begin PBXNativeTarget section */
		27CB27081D5D3CDD00F9ECF5 /* BeeSportive */ = {
			isa = PBXNativeTarget;
			buildConfigurationList = 27CB27311D5D3CDD00F9ECF5 /* Build configuration list for PBXNativeTarget "BeeSportive" */;
			buildPhases = (
				B5AA37CFB0A5B1FE75066D7E /* [CP] Check Pods Manifest.lock */,
				27CB27051D5D3CDD00F9ECF5 /* Sources */,
				27CB27061D5D3CDD00F9ECF5 /* Frameworks */,
				27CB27071D5D3CDD00F9ECF5 /* Resources */,
				E3F787894C88D9C91F0AF4ED /* [CP] Embed Pods Frameworks */,
				8E249ED6D9301C9B42B0D28B /* [CP] Copy Pods Resources */,
			);
			buildRules = (
			);
			dependencies = (
			);
			name = BeeSportive;
			productName = BeeSportive;
			productReference = 27CB27091D5D3CDD00F9ECF5 /* BeeSportive.app */;
			productType = "com.apple.product-type.application";
		};
/* End PBXNativeTarget section */

/* Begin PBXProject section */
		27CB27011D5D3CDD00F9ECF5 /* Project object */ = {
			isa = PBXProject;
			attributes = {
				LastSwiftUpdateCheck = 0730;
				LastUpgradeCheck = 0800;
				ORGANIZATIONNAME = BeeSportive;
				TargetAttributes = {
					27CB27081D5D3CDD00F9ECF5 = {
						CreatedOnToolsVersion = 7.3.1;
						DevelopmentTeam = NG2H4EFXTS;
						LastSwiftMigration = 0800;
						ProvisioningStyle = Automatic;
						SystemCapabilities = {
							com.apple.Keychain = {
								enabled = 1;
							};
							com.apple.Maps.iOS = {
								enabled = 1;
							};
							com.apple.Push = {
								enabled = 1;
							};
						};
					};
				};
			};
			buildConfigurationList = 27CB27041D5D3CDD00F9ECF5 /* Build configuration list for PBXProject "BeeSportive" */;
			compatibilityVersion = "Xcode 3.2";
			developmentRegion = English;
			hasScannedForEncodings = 0;
			knownRegions = (
				en,
				Base,
			);
			mainGroup = 27CB27001D5D3CDD00F9ECF5;
			productRefGroup = 27CB270A1D5D3CDD00F9ECF5 /* Products */;
			projectDirPath = "";
			projectRoot = "";
			targets = (
				27CB27081D5D3CDD00F9ECF5 /* BeeSportive */,
			);
		};
/* End PBXProject section */

/* Begin PBXResourcesBuildPhase section */
		27CB27071D5D3CDD00F9ECF5 /* Resources */ = {
			isa = PBXResourcesBuildPhase;
			buildActionMask = 2147483647;
			files = (
				2798A7781DA9A0EB00BE8154 /* OpenSans-Bold.ttf in Resources */,
				2798A7771DA9A0EB00BE8154 /* Apache License Version 2.txt in Resources */,
				2798A77E1DA9A0EB00BE8154 /* OpenSans-LightItalic.ttf in Resources */,
				2798A77F1DA9A0EB00BE8154 /* OpenSans-Regular.ttf in Resources */,
				8114B4D21D7ED2CB00CE0FF8 /* UserCell.xib in Resources */,
				27CB27171D5D3CDD00F9ECF5 /* LaunchScreen.storyboard in Resources */,
				27CB27141D5D3CDD00F9ECF5 /* Assets.xcassets in Resources */,
				2798A77A1DA9A0EB00BE8154 /* OpenSans-ExtraBold.ttf in Resources */,
				27EDE99B1D75ACD200C90FC9 /* FavoriteSportCollectionViewCell.xib in Resources */,
				27CB27121D5D3CDD00F9ECF5 /* Main.storyboard in Resources */,
				2798A77D1DA9A0EB00BE8154 /* OpenSans-Light.ttf in Resources */,
				277C1CC11D64A2B20008331F /* EventCollectionViewCell.xib in Resources */,
				2798A77C1DA9A0EB00BE8154 /* OpenSans-Italic.ttf in Resources */,
				2798A77B1DA9A0EB00BE8154 /* OpenSans-ExtraBoldItalic.ttf in Resources */,
				2798A7791DA9A0EB00BE8154 /* OpenSans-BoldItalic.ttf in Resources */,
				2798A7801DA9A0EB00BE8154 /* OpenSans-Semibold.ttf in Resources */,
				27CC6DE51DA94BCB00E1061E /* GoogleService-Info.plist in Resources */,
				2798A7811DA9A0EB00BE8154 /* OpenSans-SemiboldItalic.ttf in Resources */,
			);
			runOnlyForDeploymentPostprocessing = 0;
		};
/* End PBXResourcesBuildPhase section */

/* Begin PBXShellScriptBuildPhase section */
		8E249ED6D9301C9B42B0D28B /* [CP] Copy Pods Resources */ = {
			isa = PBXShellScriptBuildPhase;
			buildActionMask = 2147483647;
			files = (
			);
			inputPaths = (
			);
			name = "[CP] Copy Pods Resources";
			outputPaths = (
			);
			runOnlyForDeploymentPostprocessing = 0;
			shellPath = /bin/sh;
			shellScript = "\"${SRCROOT}/Pods/Target Support Files/Pods-BeeSportive/Pods-BeeSportive-resources.sh\"\n";
			showEnvVarsInLog = 0;
		};
		B5AA37CFB0A5B1FE75066D7E /* [CP] Check Pods Manifest.lock */ = {
			isa = PBXShellScriptBuildPhase;
			buildActionMask = 2147483647;
			files = (
			);
			inputPaths = (
			);
			name = "[CP] Check Pods Manifest.lock";
			outputPaths = (
			);
			runOnlyForDeploymentPostprocessing = 0;
			shellPath = /bin/sh;
			shellScript = "diff \"${PODS_ROOT}/../Podfile.lock\" \"${PODS_ROOT}/Manifest.lock\" > /dev/null\nif [ $? != 0 ] ; then\n    # print error to STDERR\n    echo \"error: The sandbox is not in sync with the Podfile.lock. Run 'pod install' or update your CocoaPods installation.\" >&2\n    exit 1\nfi\n";
			showEnvVarsInLog = 0;
		};
		E3F787894C88D9C91F0AF4ED /* [CP] Embed Pods Frameworks */ = {
			isa = PBXShellScriptBuildPhase;
			buildActionMask = 2147483647;
			files = (
			);
			inputPaths = (
			);
			name = "[CP] Embed Pods Frameworks";
			outputPaths = (
			);
			runOnlyForDeploymentPostprocessing = 0;
			shellPath = /bin/sh;
			shellScript = "\"${SRCROOT}/Pods/Target Support Files/Pods-BeeSportive/Pods-BeeSportive-frameworks.sh\"\n";
			showEnvVarsInLog = 0;
		};
/* End PBXShellScriptBuildPhase section */

/* Begin PBXSourcesBuildPhase section */
		27CB27051D5D3CDD00F9ECF5 /* Sources */ = {
			isa = PBXSourcesBuildPhase;
			buildActionMask = 2147483647;
			files = (
				2798A7671DA960FD00BE8154 /* CommentViewController.swift in Sources */,
				816948FF1D75AFBF00E7F5CD /* ChannelsVC.swift in Sources */,
				270E8F2E1DA3C5EC0047AC20 /* FavoriteSportPickerViewController.swift in Sources */,
				27BFF2E61D778D3E002040D3 /* RequestsViewController.swift in Sources */,
				274351CD1DA517EB0001418D /* NotificationsViewController.swift in Sources */,
				274351CF1DA519210001418D /* NotificationTableViewCell.swift in Sources */,
				270E8F301DA3D0DD0047AC20 /* FavoriteSportPickerCollectionViewCell.swift in Sources */,
				279FBC451D7EFA0C00B0AFAE /* TabBarController.swift in Sources */,
				8114B4D11D7ED2CB00CE0FF8 /* UserCell.swift in Sources */,
				275F9B731D98748B00E7744B /* ProfileCommentTableViewCell.swift in Sources */,
				81E8DCF81D75BD8400234743 /* Channel.swift in Sources */,
				275F9B711D98745E00E7744B /* ProfileFavoriteSportCollectionViewCell.swift in Sources */,
				277C1CBD1D63B26A0008331F /* Event.swift in Sources */,
				27743FEE1D634E47004EAD97 /* User.swift in Sources */,
				273E575C1D61FE8B009DABFE /* LoginViewController.swift in Sources */,
				27473E1A1DA7E127003A049E /* SettingsTableViewController.swift in Sources */,
				2798A7831DA9C95800BE8154 /* BioViewController.swift in Sources */,
				27BFF2E91D778D82002040D3 /* RequestsTableViewCell.swift in Sources */,
				277C1CC01D64A2B20008331F /* EventCollectionViewCell.swift in Sources */,
				275F9B6F1D9872B400E7744B /* ProfileViewController.swift in Sources */,
				2750C3191D90743300747B74 /* EventsCollectionViewController.swift in Sources */,
				27788D241D7B2173002B6554 /* EventFormViewController.swift in Sources */,
				27BFF2ED1D77A4A3002040D3 /* Helper.swift in Sources */,
				27C850A11D9120C9007168A6 /* ParticipantsCollectionViewCell.swift in Sources */,
				27CC6DE91DA94F8600E1061E /* PrivacyPolicy.swift in Sources */,
				8114B4CE1D7ED2A900CE0FF8 /* UsersVC.swift in Sources */,
				27B977161DA23EFA00245D8C /* ScrollPager.swift in Sources */,
				27CB270D1D5D3CDD00F9ECF5 /* AppDelegate.swift in Sources */,
				27EDE9A31D75DD7D00C90FC9 /* EventDetailViewController.swift in Sources */,
				816948FE1D75ADF800E7F5CD /* ChannelCell.swift in Sources */,
				816948FC1D75A27A00E7F5CD /* ChatVC.swift in Sources */,
				277C1CB91D6387100008331F /* EventViewController.swift in Sources */,
				81E8DCF41D75B88300234743 /* FavoriteSportCollectionViewCell.swift in Sources */,
				2798A7691DA974CB00BE8154 /* ReportViewController.swift in Sources */,
				276F4D1C1D9957F700AA90C0 /* Comment.swift in Sources */,
				27788D271D7B2BE2002B6554 /* CustomCells.swift in Sources */,
				81E8DCF61D75BB4400234743 /* Constants.swift in Sources */,
			);
			runOnlyForDeploymentPostprocessing = 0;
		};
/* End PBXSourcesBuildPhase section */

/* Begin PBXVariantGroup section */
		27CB27101D5D3CDD00F9ECF5 /* Main.storyboard */ = {
			isa = PBXVariantGroup;
			children = (
				27CB27111D5D3CDD00F9ECF5 /* Base */,
			);
			name = Main.storyboard;
			sourceTree = "<group>";
		};
		27CB27151D5D3CDD00F9ECF5 /* LaunchScreen.storyboard */ = {
			isa = PBXVariantGroup;
			children = (
				27CB27161D5D3CDD00F9ECF5 /* Base */,
			);
			name = LaunchScreen.storyboard;
			sourceTree = "<group>";
		};
/* End PBXVariantGroup section */

/* Begin XCBuildConfiguration section */
		27CB272F1D5D3CDD00F9ECF5 /* Debug */ = {
			isa = XCBuildConfiguration;
			buildSettings = {
				ALWAYS_SEARCH_USER_PATHS = NO;
				CLANG_ANALYZER_NONNULL = YES;
				CLANG_CXX_LANGUAGE_STANDARD = "gnu++0x";
				CLANG_CXX_LIBRARY = "libc++";
				CLANG_ENABLE_MODULES = YES;
				CLANG_ENABLE_OBJC_ARC = YES;
				CLANG_WARN_BOOL_CONVERSION = YES;
				CLANG_WARN_CONSTANT_CONVERSION = YES;
				CLANG_WARN_DIRECT_OBJC_ISA_USAGE = YES_ERROR;
				CLANG_WARN_EMPTY_BODY = YES;
				CLANG_WARN_ENUM_CONVERSION = YES;
				CLANG_WARN_INFINITE_RECURSION = YES;
				CLANG_WARN_INT_CONVERSION = YES;
				CLANG_WARN_OBJC_ROOT_CLASS = YES_ERROR;
				CLANG_WARN_SUSPICIOUS_MOVE = YES;
				CLANG_WARN_UNREACHABLE_CODE = YES;
				CLANG_WARN__DUPLICATE_METHOD_MATCH = YES;
				"CODE_SIGN_IDENTITY[sdk=iphoneos*]" = "iPhone Developer";
				COPY_PHASE_STRIP = NO;
				DEBUG_INFORMATION_FORMAT = dwarf;
				ENABLE_STRICT_OBJC_MSGSEND = YES;
				ENABLE_TESTABILITY = YES;
				FRAMEWORK_SEARCH_PATHS = "~/Documents/FacebookSDK";
				GCC_C_LANGUAGE_STANDARD = gnu99;
				GCC_DYNAMIC_NO_PIC = NO;
				GCC_NO_COMMON_BLOCKS = YES;
				GCC_OPTIMIZATION_LEVEL = 0;
				GCC_PREPROCESSOR_DEFINITIONS = (
					"DEBUG=1",
					"$(inherited)",
				);
				GCC_WARN_64_TO_32_BIT_CONVERSION = YES;
				GCC_WARN_ABOUT_RETURN_TYPE = YES_ERROR;
				GCC_WARN_UNDECLARED_SELECTOR = YES;
				GCC_WARN_UNINITIALIZED_AUTOS = YES_AGGRESSIVE;
				GCC_WARN_UNUSED_FUNCTION = YES;
				GCC_WARN_UNUSED_VARIABLE = YES;
				IPHONEOS_DEPLOYMENT_TARGET = 10.0;
				MTL_ENABLE_DEBUG_INFO = YES;
				ONLY_ACTIVE_ARCH = YES;
				SDKROOT = iphoneos;
				SWIFT_OBJC_BRIDGING_HEADER = "BeeSportive/Bridging-Header.h";
				SWIFT_OPTIMIZATION_LEVEL = "-Onone";
			};
			name = Debug;
		};
		27CB27301D5D3CDD00F9ECF5 /* Release */ = {
			isa = XCBuildConfiguration;
			buildSettings = {
				ALWAYS_SEARCH_USER_PATHS = NO;
				CLANG_ANALYZER_NONNULL = YES;
				CLANG_CXX_LANGUAGE_STANDARD = "gnu++0x";
				CLANG_CXX_LIBRARY = "libc++";
				CLANG_ENABLE_MODULES = YES;
				CLANG_ENABLE_OBJC_ARC = YES;
				CLANG_WARN_BOOL_CONVERSION = YES;
				CLANG_WARN_CONSTANT_CONVERSION = YES;
				CLANG_WARN_DIRECT_OBJC_ISA_USAGE = YES_ERROR;
				CLANG_WARN_EMPTY_BODY = YES;
				CLANG_WARN_ENUM_CONVERSION = YES;
				CLANG_WARN_INFINITE_RECURSION = YES;
				CLANG_WARN_INT_CONVERSION = YES;
				CLANG_WARN_OBJC_ROOT_CLASS = YES_ERROR;
				CLANG_WARN_SUSPICIOUS_MOVE = YES;
				CLANG_WARN_UNREACHABLE_CODE = YES;
				CLANG_WARN__DUPLICATE_METHOD_MATCH = YES;
				"CODE_SIGN_IDENTITY[sdk=iphoneos*]" = "iPhone Developer";
				COPY_PHASE_STRIP = NO;
				DEBUG_INFORMATION_FORMAT = "dwarf-with-dsym";
				ENABLE_NS_ASSERTIONS = NO;
				ENABLE_STRICT_OBJC_MSGSEND = YES;
				FRAMEWORK_SEARCH_PATHS = "~/Documents/FacebookSDK";
				GCC_C_LANGUAGE_STANDARD = gnu99;
				GCC_NO_COMMON_BLOCKS = YES;
				GCC_WARN_64_TO_32_BIT_CONVERSION = YES;
				GCC_WARN_ABOUT_RETURN_TYPE = YES_ERROR;
				GCC_WARN_UNDECLARED_SELECTOR = YES;
				GCC_WARN_UNINITIALIZED_AUTOS = YES_AGGRESSIVE;
				GCC_WARN_UNUSED_FUNCTION = YES;
				GCC_WARN_UNUSED_VARIABLE = YES;
				IPHONEOS_DEPLOYMENT_TARGET = 10.0;
				MTL_ENABLE_DEBUG_INFO = NO;
				SDKROOT = iphoneos;
				SWIFT_OBJC_BRIDGING_HEADER = "BeeSportive/Bridging-Header.h";
				SWIFT_OPTIMIZATION_LEVEL = "-Owholemodule";
				VALIDATE_PRODUCT = YES;
			};
			name = Release;
		};
		27CB27321D5D3CDD00F9ECF5 /* Debug */ = {
			isa = XCBuildConfiguration;
			baseConfigurationReference = 96DC1E17FA063DC29D2BCC46 /* Pods-BeeSportive.debug.xcconfig */;
			buildSettings = {
				ALWAYS_EMBED_SWIFT_STANDARD_LIBRARIES = YES;
				ASSETCATALOG_COMPILER_APPICON_NAME = AppIcon;
				CODE_SIGN_ENTITLEMENTS = BeeSportive/BeeSportive.entitlements;
				CODE_SIGN_IDENTITY = "iPhone Developer";
				"CODE_SIGN_IDENTITY[sdk=iphoneos*]" = "iPhone Developer";
				DEVELOPMENT_TEAM = NG2H4EFXTS;
				FRAMEWORK_SEARCH_PATHS = (
					"$(inherited)",
					"$(PROJECT_DIR)",
				);
				INFOPLIST_FILE = BeeSportive/Info.plist;
				IPHONEOS_DEPLOYMENT_TARGET = 10.0;
				LD_RUNPATH_SEARCH_PATHS = "$(inherited) @executable_path/Frameworks";
				PRODUCT_BUNDLE_IDENTIFIER = com.efehelvaci.BeeSportive;
				PRODUCT_NAME = "$(TARGET_NAME)";
				PROVISIONING_PROFILE = "";
				PROVISIONING_PROFILE_SPECIFIER = "";
				SWIFT_VERSION = 3.0;
			};
			name = Debug;
		};
		27CB27331D5D3CDD00F9ECF5 /* Release */ = {
			isa = XCBuildConfiguration;
			baseConfigurationReference = E2627E3253BB17FBA968F1C3 /* Pods-BeeSportive.release.xcconfig */;
			buildSettings = {
				ALWAYS_EMBED_SWIFT_STANDARD_LIBRARIES = YES;
				ASSETCATALOG_COMPILER_APPICON_NAME = AppIcon;
				CODE_SIGN_ENTITLEMENTS = BeeSportive/BeeSportive.entitlements;
				CODE_SIGN_IDENTITY = "iPhone Distribution: Efe Helvaci (NG2H4EFXTS)";
				"CODE_SIGN_IDENTITY[sdk=iphoneos*]" = "iPhone Distribution: Efe Helvaci (NG2H4EFXTS)";
				DEVELOPMENT_TEAM = NG2H4EFXTS;
				FRAMEWORK_SEARCH_PATHS = (
					"$(inherited)",
					"$(PROJECT_DIR)",
				);
				INFOPLIST_FILE = BeeSportive/Info.plist;
				IPHONEOS_DEPLOYMENT_TARGET = 10.0;
				LD_RUNPATH_SEARCH_PATHS = "$(inherited) @executable_path/Frameworks";
				PRODUCT_BUNDLE_IDENTIFIER = com.efehelvaci.BeeSportive;
				PRODUCT_NAME = "$(TARGET_NAME)";
				PROVISIONING_PROFILE = "";
				PROVISIONING_PROFILE_SPECIFIER = "";
				SWIFT_VERSION = 3.0;
			};
			name = Release;
		};
/* End XCBuildConfiguration section */

/* Begin XCConfigurationList section */
		27CB27041D5D3CDD00F9ECF5 /* Build configuration list for PBXProject "BeeSportive" */ = {
			isa = XCConfigurationList;
			buildConfigurations = (
				27CB272F1D5D3CDD00F9ECF5 /* Debug */,
				27CB27301D5D3CDD00F9ECF5 /* Release */,
			);
			defaultConfigurationIsVisible = 0;
			defaultConfigurationName = Release;
		};
		27CB27311D5D3CDD00F9ECF5 /* Build configuration list for PBXNativeTarget "BeeSportive" */ = {
			isa = XCConfigurationList;
			buildConfigurations = (
				27CB27321D5D3CDD00F9ECF5 /* Debug */,
				27CB27331D5D3CDD00F9ECF5 /* Release */,
			);
			defaultConfigurationIsVisible = 0;
			defaultConfigurationName = Release;
		};
/* End XCConfigurationList section */
	};
	rootObject = 27CB27011D5D3CDD00F9ECF5 /* Project object */;
}
